{
  "name": "worker",
  "version": "1.0.0",
  "lockfileVersion": 3,
  "requires": true,
  "packages": {
    "": {
      "name": "worker",
      "version": "1.0.0",
      "license": "MIT",
      "dependencies": {
        "@cloudflare/kv-asset-handler": "^0.0.12",
        "lilredirector": "^0.5.1",
        "workers-google-analytics": "0.0.3"
      }
    },
    "node_modules/@cloudflare/kv-asset-handler": {
      "version": "0.0.12",
      "resolved": "https://registry.npmjs.org/@cloudflare/kv-asset-handler/-/kv-asset-handler-0.0.12.tgz",
      "integrity": "sha512-3XCs9TRhQh/yUs1ST9cIMLB8C5c1JRKcDYTPJbAmcgI0kO2FPCSZz+kyNb9x25DuGQeqOMMwmxHPtiOfTki/Gw==",
      "license": "MIT OR Apache-2.0",
      "dependencies": {
        "@cloudflare/workers-types": "^2.0.0",
        "@types/mime": "^2.0.2",
        "mime": "^2.4.6"
      }
    },
    "node_modules/@cloudflare/workers-types": {
      "version": "2.2.2",
      "resolved": "https://registry.npmjs.org/@cloudflare/workers-types/-/workers-types-2.2.2.tgz",
      "integrity": "sha512-kaMn2rueJ0PL1TYVGknTCh0X0x0d9G+FNXAFep7/4uqecEZoQb/63o6rOmMuiqI09zLuHV6xhKRXinokV/MY9A==",
      "license": "BSD-3-Clause"
    },
    "node_modules/@types/basic-auth": {
      "version": "1.1.8",
      "resolved": "https://registry.npmjs.org/@types/basic-auth/-/basic-auth-1.1.8.tgz",
      "integrity": "sha512-dKcUeixGuZn8pBjcUrf1N7x5K6lWuKuwHHitM2IZ4vwZUDWEhhNtwCWiba8jTA9zn0GQQ+fTFkWpKx8pOU/enw==",
      "license": "MIT",
      "dependencies": {
        "@types/node": "*"
      }
    },
    "node_modules/@types/mime": {
      "version": "2.0.3",
      "resolved": "https://registry.npmjs.org/@types/mime/-/mime-2.0.3.tgz",
      "integrity": "sha512-Jus9s4CDbqwocc5pOAnh8ShfrnMcPHuJYzVcSUU7lrh8Ni5HuIqX3oilL86p3dlTrk0LzHRCgA/GQ7uNCw6l2Q==",
      "license": "MIT"
    },
    "node_modules/@types/node": {
      "version": "22.9.4",
      "resolved": "https://registry.npmjs.org/@types/node/-/node-22.9.4.tgz",
      "integrity": "sha512-d9RWfoR7JC/87vj7n+PVTzGg9hDyuFjir3RxUHbjFSKNd9mpxbxwMEyaCim/ddCmy4IuW7HjTzF3g9p3EtWEOg==",
      "license": "MIT",
      "dependencies": {
        "undici-types": "~6.19.8"
      }
    },
    "node_modules/@types/papaparse": {
      "version": "5.3.15",
      "resolved": "https://registry.npmjs.org/@types/papaparse/-/papaparse-5.3.15.tgz",
      "integrity": "sha512-JHe6vF6x/8Z85nCX4yFdDslN11d+1pr12E526X8WAfhadOeaOTx5AuIkvDKIBopfvlzpzkdMx4YyvSKCM9oqtw==",
      "license": "MIT",
      "dependencies": {
        "@types/node": "*"
      }
    },
    "node_modules/basic-auth": {
      "version": "2.0.1",
      "resolved": "https://registry.npmjs.org/basic-auth/-/basic-auth-2.0.1.tgz",
      "integrity": "sha512-NF+epuEdnUYVlGuhaxbbq+dvJttwLnGY+YixlXlME5KpQ5W3CnXA5cVTneY3SPbPDRkcjMbifrwmFYcClgOZeg==",
      "license": "MIT",
      "dependencies": {
        "safe-buffer": "5.1.2"
      },
      "engines": {
        "node": ">= 0.8"
      }
    },
    "node_modules/lilredirector": {
      "version": "0.5.3",
      "resolved": "https://registry.npmjs.org/lilredirector/-/lilredirector-0.5.3.tgz",
      "integrity": "sha512-2IN4ZsaaGsVVIwnAajF2WEjZA7A7TCezI3Gyyj/Qb3Vw7LEhZCH7CKAgYSEn6WTKcewDL6sJLsVGPK5l3UCAww==",
      "license": "MIT",
      "dependencies": {
        "@cloudflare/workers-types": "^2.0.0",
        "@types/basic-auth": "^1.1.3",
        "@types/papaparse": "^5.0.6",
        "basic-auth": "^2.0.1",
        "papaparse": "^5.2.0"
      }
    },
    "node_modules/mime": {
      "version": "2.6.0",
      "resolved": "https://registry.npmjs.org/mime/-/mime-2.6.0.tgz",
      "integrity": "sha512-USPkMeET31rOMiarsBNIHZKLGgvKc/LrjofAnBlOttf5ajRvqiRA8QsenbcooctK6d6Ts6aqZXBA+XbkKthiQg==",
      "license": "MIT",
      "bin": {
        "mime": "cli.js"
      },
      "engines": {
        "node": ">=4.0.0"
      }
    },
    "node_modules/papaparse": {
      "version": "5.4.1",
      "resolved": "https://registry.npmjs.org/papaparse/-/papaparse-5.4.1.tgz",
      "integrity": "sha512-HipMsgJkZu8br23pW15uvo6sib6wne/4woLZPlFf3rpDyMe9ywEXUsuD7+6K9PRkJlVT51j/sCOYDKGGS3ZJrw==",
      "license": "MIT"
    },
    "node_modules/safe-buffer": {
      "version": "5.1.2",
      "resolved": "https://registry.npmjs.org/safe-buffer/-/safe-buffer-5.1.2.tgz",
      "integrity": "sha512-Gd2UZBJDkXlY7GbJxfsE8/nvKkUEU1G38c1siN6QP6a9PT9MmHB8GnpscSmMJSoF8LOIrt8ud/wPtojys4G6+g==",
      "license": "MIT"
    },
    "node_modules/undici-types": {
      "version": "6.19.8",
      "resolved": "https://registry.npmjs.org/undici-types/-/undici-types-6.19.8.tgz",
      "integrity": "sha512-ve2KP6f/JnbPBFyobGHuerC9g1FYGn/F8n1LWTwNxCEzd6IfqTwUQcNXgEtmmQ6DlRrC1hrSrBnCZPokRrDHjw==",
      "license": "MIT"
    },
    "node_modules/workers-google-analytics": {
      "version": "0.0.3",
      "resolved": "https://registry.npmjs.org/workers-google-analytics/-/workers-google-analytics-0.0.3.tgz",
      "integrity": "sha512-R17b/uKw8jw9oq0nucIildywrJ4QsEpcQss5XHzpp9POCZxKs+/uIpJtuOQjjB1Vw9gTXotwkgtbqiorqu1MPg==",
      "license": "MIT",
      "dependencies": {
        "@cloudflare/workers-types": "^2.0.0"
      },
      "engines": {
        "node": ">=10"
      }
    }
  }
}
